
Microsoft Visual Studio Solution File, Format Version 12.00
# Visual Studio Version 16
VisualStudioVersion = 16.0.30011.22
MinimumVisualStudioVersion = 10.0.40219.1
Project("{9A19103F-16F7-4668-BE54-9A1E7A4F7556}") = "SchoolMngr.Services.Identity", "SchoolMngr.Services.Identity.csproj", "{4D9DA118-4241-416B-8D2B-549EBEF11BE9}"
EndProject
Global
	GlobalSection(SolutionConfigurationPlatforms) = preSolution
		Debug|Any CPU = Debug|Any CPU
		Release|Any CPU = Release|Any CPU
	EndGlobalSection
	GlobalSection(ProjectConfigurationPlatforms) = postSolution
		{4D9DA118-4241-416B-8D2B-549EBEF11BE9}.Debug|Any CPU.ActiveCfg = Debug|Any CPU
		{4D9DA118-4241-416B-8D2B-549EBEF11BE9}.Debug|Any CPU.Build.0 = Debug|Any CPU
		{4D9DA118-4241-416B-8D2B-549EBEF11BE9}.Release|Any CPU.ActiveCfg = Release|Any CPU
		{4D9DA118-4241-416B-8D2B-549EBEF11BE9}.Release|Any CPU.Build.0 = Release|Any CPU
	EndGlobalSection
	GlobalSection(SolutionProperties) = preSolution
		HideSolutionNode = FALSE
	EndGlobalSection
	GlobalSection(ExtensibilityGlobals) = postSolution
		SolutionGuid = {7AF836E1-F611-4B46-98CC-2DF1B6EDECC7}
	EndGlobalSection
EndGlobal
